
Microsoft Visual Studio Solution File, Format Version 12.00
# Visual Studio Version 16
VisualStudioVersion = 16.0.31005.135
MinimumVisualStudioVersion = 10.0.40219.1
Project("{FAE04EC0-301F-11D3-BF4B-00C04F79EFBC}") = "UserMaintenance", "UserMaintenance\UserMaintenance.csproj", "{3B430850-7EB9-4EA7-9ACE-8484205CDEF6}"
EndProject
Global
	GlobalSection(SolutionConfigurationPlatforms) = preSolution
		Debug|Any CPU = Debug|Any CPU
		Release|Any CPU = Release|Any CPU
	EndGlobalSection
	GlobalSection(ProjectConfigurationPlatforms) = postSolution
		{3B430850-7EB9-4EA7-9ACE-8484205CDEF6}.Debug|Any CPU.ActiveCfg = Debug|Any CPU
		{3B430850-7EB9-4EA7-9ACE-8484205CDEF6}.Debug|Any CPU.Build.0 = Debug|Any CPU
		{3B430850-7EB9-4EA7-9ACE-8484205CDEF6}.Release|Any CPU.ActiveCfg = Release|Any CPU
		{3B430850-7EB9-4EA7-9ACE-8484205CDEF6}.Release|Any CPU.Build.0 = Release|Any CPU
	EndGlobalSection
	GlobalSection(SolutionProperties) = preSolution
		HideSolutionNode = FALSE
	EndGlobalSection
	GlobalSection(ExtensibilityGlobals) = postSolution
		SolutionGuid = {502B68EE-19FB-42F4-9DBD-94E82E1B0A58}
	EndGlobalSection
EndGlobal
