
Microsoft Visual Studio Solution File, Format Version 12.00
# Visual Studio Version 16
VisualStudioVersion = 16.0.31005.135
MinimumVisualStudioVersion = 10.0.40219.1
Project("{FAE04EC0-301F-11D3-BF4B-00C04F79EFBC}") = "ExcelGenerator", "ExcelGenerator\ExcelGenerator.csproj", "{BE8127A9-5DC2-4CED-9134-0E9B078E02C0}"
EndProject
Global
	GlobalSection(SolutionConfigurationPlatforms) = preSolution
		Debug|Any CPU = Debug|Any CPU
		Release|Any CPU = Release|Any CPU
	EndGlobalSection
	GlobalSection(ProjectConfigurationPlatforms) = postSolution
		{BE8127A9-5DC2-4CED-9134-0E9B078E02C0}.Debug|Any CPU.ActiveCfg = Debug|Any CPU
		{BE8127A9-5DC2-4CED-9134-0E9B078E02C0}.Debug|Any CPU.Build.0 = Debug|Any CPU
		{BE8127A9-5DC2-4CED-9134-0E9B078E02C0}.Release|Any CPU.ActiveCfg = Release|Any CPU
		{BE8127A9-5DC2-4CED-9134-0E9B078E02C0}.Release|Any CPU.Build.0 = Release|Any CPU
	EndGlobalSection
	GlobalSection(SolutionProperties) = preSolution
		HideSolutionNode = FALSE
	EndGlobalSection
	GlobalSection(ExtensibilityGlobals) = postSolution
		SolutionGuid = {A5EEDB4D-3B87-4046-85D6-872C5DF6156C}
	EndGlobalSection
EndGlobal
